
Microsoft Visual Studio Solution File, Format Version 12.00
# Visual Studio Version 17
VisualStudioVersion = 17.2.32519.379
MinimumVisualStudioVersion = 10.0.40219.1
Project("{FAE04EC0-301F-11D3-BF4B-00C04F79EFBC}") = "BuyMyHouse.API", "BuyMyHouse.API\BuyMyHouse.API.csproj", "{B4924658-D2E7-4F3D-B819-9C2F115C6E16}"
EndProject
Global
	GlobalSection(SolutionConfigurationPlatforms) = preSolution
		Debug|Any CPU = Debug|Any CPU
		Release|Any CPU = Release|Any CPU
	EndGlobalSection
	GlobalSection(ProjectConfigurationPlatforms) = postSolution
		{B4924658-D2E7-4F3D-B819-9C2F115C6E16}.Debug|Any CPU.ActiveCfg = Debug|Any CPU
		{B4924658-D2E7-4F3D-B819-9C2F115C6E16}.Debug|Any CPU.Build.0 = Debug|Any CPU
		{B4924658-D2E7-4F3D-B819-9C2F115C6E16}.Release|Any CPU.ActiveCfg = Release|Any CPU
		{B4924658-D2E7-4F3D-B819-9C2F115C6E16}.Release|Any CPU.Build.0 = Release|Any CPU
	EndGlobalSection
	GlobalSection(SolutionProperties) = preSolution
		HideSolutionNode = FALSE
	EndGlobalSection
	GlobalSection(ExtensibilityGlobals) = postSolution
		SolutionGuid = {C6C5FDF3-E875-4FC3-81DC-A8039CFB07B5}
	EndGlobalSection
EndGlobal
